
Microsoft Visual Studio Solution File, Format Version 12.00
# Visual Studio 14
VisualStudioVersion = 14.0.23107.0
MinimumVisualStudioVersion = 10.0.40219.1
Project("{8BC9CEB8-8B4A-11D0-8D11-00A0C91BC942}") = "Demo", "project\Demo\Demo.vcxproj", "{29254E1C-382E-420F-AB5D-F00EF1E3C940}"
EndProject
Project("{8BC9CEB8-8B4A-11D0-8D11-00A0C91BC942}") = "Lua", "project\Lua\Lua.vcxproj", "{6B76FB02-6C0A-474F-ADEB-31BA2EE7B1BF}"
EndProject
Project("{8BC9CEB8-8B4A-11D0-8D11-00A0C91BC942}") = "Net", "project\Net\Net.vcxproj", "{378D80AE-9A08-4839-ADF9-BB19145DA039}"
EndProject
Global
	GlobalSection(SolutionConfigurationPlatforms) = preSolution
		Debug|x64 = Debug|x64
		Debug|x86 = Debug|x86
		Release|x64 = Release|x64
		Release|x86 = Release|x86
	EndGlobalSection
	GlobalSection(ProjectConfigurationPlatforms) = postSolution
		{29254E1C-382E-420F-AB5D-F00EF1E3C940}.Debug|x64.ActiveCfg = Debug|x64
		{29254E1C-382E-420F-AB5D-F00EF1E3C940}.Debug|x64.Build.0 = Debug|x64
		{29254E1C-382E-420F-AB5D-F00EF1E3C940}.Debug|x86.ActiveCfg = Debug|Win32
		{29254E1C-382E-420F-AB5D-F00EF1E3C940}.Debug|x86.Build.0 = Debug|Win32
		{29254E1C-382E-420F-AB5D-F00EF1E3C940}.Release|x64.ActiveCfg = Release|x64
		{29254E1C-382E-420F-AB5D-F00EF1E3C940}.Release|x64.Build.0 = Release|x64
		{29254E1C-382E-420F-AB5D-F00EF1E3C940}.Release|x86.ActiveCfg = Release|Win32
		{29254E1C-382E-420F-AB5D-F00EF1E3C940}.Release|x86.Build.0 = Release|Win32
		{6B76FB02-6C0A-474F-ADEB-31BA2EE7B1BF}.Debug|x64.ActiveCfg = Debug|x64
		{6B76FB02-6C0A-474F-ADEB-31BA2EE7B1BF}.Debug|x64.Build.0 = Debug|x64
		{6B76FB02-6C0A-474F-ADEB-31BA2EE7B1BF}.Debug|x86.ActiveCfg = Debug|Win32
		{6B76FB02-6C0A-474F-ADEB-31BA2EE7B1BF}.Debug|x86.Build.0 = Debug|Win32
		{6B76FB02-6C0A-474F-ADEB-31BA2EE7B1BF}.Release|x64.ActiveCfg = Release|x64
		{6B76FB02-6C0A-474F-ADEB-31BA2EE7B1BF}.Release|x64.Build.0 = Release|x64
		{6B76FB02-6C0A-474F-ADEB-31BA2EE7B1BF}.Release|x86.ActiveCfg = Release|Win32
		{6B76FB02-6C0A-474F-ADEB-31BA2EE7B1BF}.Release|x86.Build.0 = Release|Win32
		{378D80AE-9A08-4839-ADF9-BB19145DA039}.Debug|x64.ActiveCfg = Debug|x64
		{378D80AE-9A08-4839-ADF9-BB19145DA039}.Debug|x64.Build.0 = Debug|x64
		{378D80AE-9A08-4839-ADF9-BB19145DA039}.Debug|x86.ActiveCfg = Debug|Win32
		{378D80AE-9A08-4839-ADF9-BB19145DA039}.Debug|x86.Build.0 = Debug|Win32
		{378D80AE-9A08-4839-ADF9-BB19145DA039}.Release|x64.ActiveCfg = Release|x64
		{378D80AE-9A08-4839-ADF9-BB19145DA039}.Release|x64.Build.0 = Release|x64
		{378D80AE-9A08-4839-ADF9-BB19145DA039}.Release|x86.ActiveCfg = Release|Win32
		{378D80AE-9A08-4839-ADF9-BB19145DA039}.Release|x86.Build.0 = Release|Win32
	EndGlobalSection
	GlobalSection(SolutionProperties) = preSolution
		HideSolutionNode = FALSE
	EndGlobalSection
EndGlobal
